
Microsoft Visual Studio Solution File, Format Version 12.00
# Visual Studio 15
VisualStudioVersion = 15.0.28307.1525
MinimumVisualStudioVersion = 10.0.40219.1
Project("{FAE04EC0-301F-11D3-BF4B-00C04F79EFBC}") = "AP1", "AP1\AP1.csproj", "{DD2BC201-23A6-4284-AABA-DEF11CD10EE7}"
EndProject
Project("{FAE04EC0-301F-11D3-BF4B-00C04F79EFBC}") = "AP2", "AP2\AP2.csproj", "{691EE6C9-9BAB-4B83-87BC-0BAC31117AEC}"
EndProject
Global
	GlobalSection(SolutionConfigurationPlatforms) = preSolution
		Debug|Any CPU = Debug|Any CPU
		Release|Any CPU = Release|Any CPU
	EndGlobalSection
	GlobalSection(ProjectConfigurationPlatforms) = postSolution
		{DD2BC201-23A6-4284-AABA-DEF11CD10EE7}.Debug|Any CPU.ActiveCfg = Debug|Any CPU
		{DD2BC201-23A6-4284-AABA-DEF11CD10EE7}.Debug|Any CPU.Build.0 = Debug|Any CPU
		{DD2BC201-23A6-4284-AABA-DEF11CD10EE7}.Release|Any CPU.ActiveCfg = Release|Any CPU
		{DD2BC201-23A6-4284-AABA-DEF11CD10EE7}.Release|Any CPU.Build.0 = Release|Any CPU
		{691EE6C9-9BAB-4B83-87BC-0BAC31117AEC}.Debug|Any CPU.ActiveCfg = Debug|Any CPU
		{691EE6C9-9BAB-4B83-87BC-0BAC31117AEC}.Debug|Any CPU.Build.0 = Debug|Any CPU
		{691EE6C9-9BAB-4B83-87BC-0BAC31117AEC}.Release|Any CPU.ActiveCfg = Release|Any CPU
		{691EE6C9-9BAB-4B83-87BC-0BAC31117AEC}.Release|Any CPU.Build.0 = Release|Any CPU
	EndGlobalSection
	GlobalSection(SolutionProperties) = preSolution
		HideSolutionNode = FALSE
	EndGlobalSection
	GlobalSection(ExtensibilityGlobals) = postSolution
		SolutionGuid = {B76FC4A7-70E7-4B2B-8D09-EC406D30A743}
	EndGlobalSection
EndGlobal
