
Microsoft Visual Studio Solution File, Format Version 12.00
# Visual Studio Version 16
VisualStudioVersion = 16.0.31410.357
MinimumVisualStudioVersion = 10.0.40219.1
Project("{FAE04EC0-301F-11D3-BF4B-00C04F79EFBC}") = "Apareo", "Apareo\Apareo.csproj", "{4DAD68DA-54FC-4E17-95EF-03CA073222DE}"
EndProject
Project("{9A19103F-16F7-4668-BE54-9A1E7A4F7556}") = "BlazorApp", "BlazorApp\BlazorApp.csproj", "{C993EBA9-C537-4E82-AF3C-1009DA5A26CD}"
EndProject
Global
	GlobalSection(SolutionConfigurationPlatforms) = preSolution
		Debug|Any CPU = Debug|Any CPU
		Release|Any CPU = Release|Any CPU
	EndGlobalSection
	GlobalSection(ProjectConfigurationPlatforms) = postSolution
		{4DAD68DA-54FC-4E17-95EF-03CA073222DE}.Debug|Any CPU.ActiveCfg = Debug|Any CPU
		{4DAD68DA-54FC-4E17-95EF-03CA073222DE}.Debug|Any CPU.Build.0 = Debug|Any CPU
		{4DAD68DA-54FC-4E17-95EF-03CA073222DE}.Release|Any CPU.ActiveCfg = Release|Any CPU
		{4DAD68DA-54FC-4E17-95EF-03CA073222DE}.Release|Any CPU.Build.0 = Release|Any CPU
		{C993EBA9-C537-4E82-AF3C-1009DA5A26CD}.Debug|Any CPU.ActiveCfg = Debug|Any CPU
		{C993EBA9-C537-4E82-AF3C-1009DA5A26CD}.Debug|Any CPU.Build.0 = Debug|Any CPU
		{C993EBA9-C537-4E82-AF3C-1009DA5A26CD}.Release|Any CPU.ActiveCfg = Release|Any CPU
		{C993EBA9-C537-4E82-AF3C-1009DA5A26CD}.Release|Any CPU.Build.0 = Release|Any CPU
	EndGlobalSection
	GlobalSection(SolutionProperties) = preSolution
		HideSolutionNode = FALSE
	EndGlobalSection
	GlobalSection(ExtensibilityGlobals) = postSolution
		SolutionGuid = {3387AA0A-A51D-4B37-820F-F3E59DA79628}
	EndGlobalSection
EndGlobal
