
Microsoft Visual Studio Solution File, Format Version 12.00
# Visual Studio Version 17
VisualStudioVersion = 17.0.31423.177
MinimumVisualStudioVersion = 10.0.40219.1
Project("{FAE04EC0-301F-11D3-BF4B-00C04F79EFBC}") = "TP09", "TP10\TP09.csproj", "{80C71C58-857D-4538-8931-0C9BBD13D7D6}"
EndProject
Project("{9A19103F-16F7-4668-BE54-9A1E7A4F7556}") = "BlazorApp", "BlazorApp\BlazorApp.csproj", "{D374B738-7A9C-400A-BFF0-E9F628E20C33}"
EndProject
Project("{9A19103F-16F7-4668-BE54-9A1E7A4F7556}") = "TP10", "Apareo\TP10.csproj", "{C5746238-828D-4123-839D-2DAA45ABD876}"
EndProject
Project("{FAE04EC0-301F-11D3-BF4B-00C04F79EFBC}") = "ABM", "ABM\ABM.csproj", "{D99D3F87-E60D-49F5-A2A4-857C7A048EDB}"
EndProject
Project("{FAE04EC0-301F-11D3-BF4B-00C04F79EFBC}") = "Archivos", "Archivos\Archivos.csproj", "{FA7F8D93-3CDB-4395-A47C-1DF612F3EC8E}"
EndProject
Project("{9A19103F-16F7-4668-BE54-9A1E7A4F7556}") = "Apareo", "ApareoMS\Apareo.csproj", "{C4326BBE-6CA6-460D-98F6-434D51C6F871}"
EndProject
Project("{FAE04EC0-301F-11D3-BF4B-00C04F79EFBC}") = "Video1ArbolesAVL", "Video1ArbolesAVL\Video1ArbolesAVL.csproj", "{82CC0A1E-E731-422E-97E0-0DCC0B84B1C8}"
EndProject
Project("{FAE04EC0-301F-11D3-BF4B-00C04F79EFBC}") = "ArbolBinarioBusqueda", "ArbolBinarioBusqueda\ArbolBinarioBusqueda.csproj", "{77799FAC-97DE-42A7-A2E5-1EE96ECE7694}"
EndProject
Project("{FAE04EC0-301F-11D3-BF4B-00C04F79EFBC}") = "TP08", "TP08\TP08.csproj", "{C83EC1C5-74BA-49E7-ACFB-405DBD7DBA38}"
EndProject
Global
	GlobalSection(SolutionConfigurationPlatforms) = preSolution
		Debug|Any CPU = Debug|Any CPU
		Release|Any CPU = Release|Any CPU
	EndGlobalSection
	GlobalSection(ProjectConfigurationPlatforms) = postSolution
		{80C71C58-857D-4538-8931-0C9BBD13D7D6}.Debug|Any CPU.ActiveCfg = Debug|Any CPU
		{80C71C58-857D-4538-8931-0C9BBD13D7D6}.Debug|Any CPU.Build.0 = Debug|Any CPU
		{80C71C58-857D-4538-8931-0C9BBD13D7D6}.Release|Any CPU.ActiveCfg = Release|Any CPU
		{80C71C58-857D-4538-8931-0C9BBD13D7D6}.Release|Any CPU.Build.0 = Release|Any CPU
		{D374B738-7A9C-400A-BFF0-E9F628E20C33}.Debug|Any CPU.ActiveCfg = Debug|Any CPU
		{D374B738-7A9C-400A-BFF0-E9F628E20C33}.Debug|Any CPU.Build.0 = Debug|Any CPU
		{D374B738-7A9C-400A-BFF0-E9F628E20C33}.Release|Any CPU.ActiveCfg = Release|Any CPU
		{D374B738-7A9C-400A-BFF0-E9F628E20C33}.Release|Any CPU.Build.0 = Release|Any CPU
		{C5746238-828D-4123-839D-2DAA45ABD876}.Debug|Any CPU.ActiveCfg = Debug|Any CPU
		{C5746238-828D-4123-839D-2DAA45ABD876}.Debug|Any CPU.Build.0 = Debug|Any CPU
		{C5746238-828D-4123-839D-2DAA45ABD876}.Release|Any CPU.ActiveCfg = Release|Any CPU
		{C5746238-828D-4123-839D-2DAA45ABD876}.Release|Any CPU.Build.0 = Release|Any CPU
		{D99D3F87-E60D-49F5-A2A4-857C7A048EDB}.Debug|Any CPU.ActiveCfg = Debug|Any CPU
		{D99D3F87-E60D-49F5-A2A4-857C7A048EDB}.Debug|Any CPU.Build.0 = Debug|Any CPU
		{D99D3F87-E60D-49F5-A2A4-857C7A048EDB}.Release|Any CPU.ActiveCfg = Release|Any CPU
		{D99D3F87-E60D-49F5-A2A4-857C7A048EDB}.Release|Any CPU.Build.0 = Release|Any CPU
		{FA7F8D93-3CDB-4395-A47C-1DF612F3EC8E}.Debug|Any CPU.ActiveCfg = Debug|Any CPU
		{FA7F8D93-3CDB-4395-A47C-1DF612F3EC8E}.Debug|Any CPU.Build.0 = Debug|Any CPU
		{FA7F8D93-3CDB-4395-A47C-1DF612F3EC8E}.Release|Any CPU.ActiveCfg = Release|Any CPU
		{FA7F8D93-3CDB-4395-A47C-1DF612F3EC8E}.Release|Any CPU.Build.0 = Release|Any CPU
		{C4326BBE-6CA6-460D-98F6-434D51C6F871}.Debug|Any CPU.ActiveCfg = Debug|Any CPU
		{C4326BBE-6CA6-460D-98F6-434D51C6F871}.Debug|Any CPU.Build.0 = Debug|Any CPU
		{C4326BBE-6CA6-460D-98F6-434D51C6F871}.Release|Any CPU.ActiveCfg = Release|Any CPU
		{C4326BBE-6CA6-460D-98F6-434D51C6F871}.Release|Any CPU.Build.0 = Release|Any CPU
		{82CC0A1E-E731-422E-97E0-0DCC0B84B1C8}.Debug|Any CPU.ActiveCfg = Debug|Any CPU
		{82CC0A1E-E731-422E-97E0-0DCC0B84B1C8}.Debug|Any CPU.Build.0 = Debug|Any CPU
		{82CC0A1E-E731-422E-97E0-0DCC0B84B1C8}.Release|Any CPU.ActiveCfg = Release|Any CPU
		{82CC0A1E-E731-422E-97E0-0DCC0B84B1C8}.Release|Any CPU.Build.0 = Release|Any CPU
		{77799FAC-97DE-42A7-A2E5-1EE96ECE7694}.Debug|Any CPU.ActiveCfg = Debug|Any CPU
		{77799FAC-97DE-42A7-A2E5-1EE96ECE7694}.Debug|Any CPU.Build.0 = Debug|Any CPU
		{77799FAC-97DE-42A7-A2E5-1EE96ECE7694}.Release|Any CPU.ActiveCfg = Release|Any CPU
		{77799FAC-97DE-42A7-A2E5-1EE96ECE7694}.Release|Any CPU.Build.0 = Release|Any CPU
		{C83EC1C5-74BA-49E7-ACFB-405DBD7DBA38}.Debug|Any CPU.ActiveCfg = Debug|Any CPU
		{C83EC1C5-74BA-49E7-ACFB-405DBD7DBA38}.Debug|Any CPU.Build.0 = Debug|Any CPU
		{C83EC1C5-74BA-49E7-ACFB-405DBD7DBA38}.Release|Any CPU.ActiveCfg = Release|Any CPU
		{C83EC1C5-74BA-49E7-ACFB-405DBD7DBA38}.Release|Any CPU.Build.0 = Release|Any CPU
	EndGlobalSection
	GlobalSection(SolutionProperties) = preSolution
		HideSolutionNode = FALSE
	EndGlobalSection
	GlobalSection(ExtensibilityGlobals) = postSolution
		SolutionGuid = {A6A97F55-AA8F-45AC-A444-8CC9D2008E12}
	EndGlobalSection
EndGlobal
