
Microsoft Visual Studio Solution File, Format Version 12.00
# Visual Studio 15
VisualStudioVersion = 15.0.28307.1500
MinimumVisualStudioVersion = 10.0.40219.1
Project("{FAE04EC0-301F-11D3-BF4B-00C04F79EFBC}") = "DataGridView", "DataGridView\DataGridView.csproj", "{C0CB7A90-A1D1-44A7-86B3-48D59A6F0FF1}"
EndProject
Project("{FAE04EC0-301F-11D3-BF4B-00C04F79EFBC}") = "Temporal", "Temporal\Temporal.csproj", "{0F74EFDA-F499-4BEB-8191-39CD91826234}"
EndProject
Global
	GlobalSection(SolutionConfigurationPlatforms) = preSolution
		Debug|Any CPU = Debug|Any CPU
		Release|Any CPU = Release|Any CPU
	EndGlobalSection
	GlobalSection(ProjectConfigurationPlatforms) = postSolution
		{C0CB7A90-A1D1-44A7-86B3-48D59A6F0FF1}.Debug|Any CPU.ActiveCfg = Debug|Any CPU
		{C0CB7A90-A1D1-44A7-86B3-48D59A6F0FF1}.Debug|Any CPU.Build.0 = Debug|Any CPU
		{C0CB7A90-A1D1-44A7-86B3-48D59A6F0FF1}.Release|Any CPU.ActiveCfg = Release|Any CPU
		{C0CB7A90-A1D1-44A7-86B3-48D59A6F0FF1}.Release|Any CPU.Build.0 = Release|Any CPU
		{0F74EFDA-F499-4BEB-8191-39CD91826234}.Debug|Any CPU.ActiveCfg = Debug|Any CPU
		{0F74EFDA-F499-4BEB-8191-39CD91826234}.Debug|Any CPU.Build.0 = Debug|Any CPU
		{0F74EFDA-F499-4BEB-8191-39CD91826234}.Release|Any CPU.ActiveCfg = Release|Any CPU
		{0F74EFDA-F499-4BEB-8191-39CD91826234}.Release|Any CPU.Build.0 = Release|Any CPU
	EndGlobalSection
	GlobalSection(SolutionProperties) = preSolution
		HideSolutionNode = FALSE
	EndGlobalSection
	GlobalSection(ExtensibilityGlobals) = postSolution
		SolutionGuid = {BC225DC7-5F1D-47D9-8B72-05A4060C26E6}
	EndGlobalSection
EndGlobal
