
Microsoft Visual Studio Solution File, Format Version 12.00
# Visual Studio Version 17
VisualStudioVersion = 17.0.31423.177
MinimumVisualStudioVersion = 10.0.40219.1
Project("{FAE04EC0-301F-11D3-BF4B-00C04F79EFBC}") = "Parcial2", "Parcial2.csproj", "{FF68F97E-AA57-4C7A-B86C-AC9DEB176637}"
EndProject
Global
	GlobalSection(SolutionConfigurationPlatforms) = preSolution
		Debug|Any CPU = Debug|Any CPU
		Release|Any CPU = Release|Any CPU
	EndGlobalSection
	GlobalSection(ProjectConfigurationPlatforms) = postSolution
		{FF68F97E-AA57-4C7A-B86C-AC9DEB176637}.Debug|Any CPU.ActiveCfg = Debug|Any CPU
		{FF68F97E-AA57-4C7A-B86C-AC9DEB176637}.Debug|Any CPU.Build.0 = Debug|Any CPU
		{FF68F97E-AA57-4C7A-B86C-AC9DEB176637}.Release|Any CPU.ActiveCfg = Release|Any CPU
		{FF68F97E-AA57-4C7A-B86C-AC9DEB176637}.Release|Any CPU.Build.0 = Release|Any CPU
	EndGlobalSection
	GlobalSection(SolutionProperties) = preSolution
		HideSolutionNode = FALSE
	EndGlobalSection
	GlobalSection(ExtensibilityGlobals) = postSolution
		SolutionGuid = {059C6BB7-6567-4B36-A692-FA952A9D4EFB}
	EndGlobalSection
EndGlobal
